{
  "name": "color-conversion-test",
  "version": "1.0.0",
  "lockfileVersion": 1,
  "requires": true,
  "dependencies": {
    "balanced-match": {
      "version": "1.0.0",
      "resolved": "http://artifactory.eqs.intra/artifactory/api/npm/npm/balanced-match/-/balanced-match-1.0.0.tgz",
      "integrity": "sha1-ibTRmasr7kneFk6gK4nORi1xt2c=",
      "dev": true
    },
    "brace-expansion": {
      "version": "1.1.11",
      "resolved": "http://artifactory.eqs.intra/artifactory/api/npm/npm/brace-expansion/-/brace-expansion-1.1.11.tgz",
      "integrity": "sha1-PH/L9SnYcibz0vUrlm/1Jx60Qd0=",
      "dev": true,
      "requires": {
        "balanced-match": "^1.0.0",
        "concat-map": "0.0.1"
      }
    },
    "commander": {
      "version": "2.12.2",
      "resolved": "http://artifactory.eqs.intra/artifactory/api/npm/npm/commander/-/commander-2.12.2.tgz",
      "integrity": "sha1-D1lGxCftnsDZGka7ne9T5UZQ5VU=",
      "dev": true
    },
    "concat-map": {
      "version": "0.0.1",
      "resolved": "http://artifactory.eqs.intra/artifactory/api/npm/npm/concat-map/-/concat-map-0.0.1.tgz",
      "integrity": "sha1-2Klr13/Wjfd5OnMDajug1UBdR3s=",
      "dev": true
    },
    "js-reporters": {
      "version": "1.2.1",
      "resolved": "http://artifactory.eqs.intra/artifactory/api/npm/npm/js-reporters/-/js-reporters-1.2.1.tgz",
      "integrity": "sha1-+IxgjjJKM3OpW8xFrTBeXJecRZs=",
      "dev": true
    },
    "minimatch": {
      "version": "3.0.4",
      "resolved": "http://artifactory.eqs.intra/artifactory/api/npm/npm/minimatch/-/minimatch-3.0.4.tgz",
      "integrity": "sha1-UWbihkV/AzBgZL5Ul+jbsMPTIIM=",
      "dev": true,
      "requires": {
        "brace-expansion": "^1.1.7"
      }
    },
    "node-watch": {
      "version": "0.6.1",
      "resolved": "http://artifactory.eqs.intra/artifactory/api/npm/npm/node-watch/-/node-watch-0.6.1.tgz",
      "integrity": "sha1-uYdBEc6fWEGxx1lhICBse4Jb4Ok=",
      "dev": true
    },
    "path-parse": {
      "version": "1.0.6",
      "resolved": "http://artifactory.eqs.intra/artifactory/api/npm/npm/path-parse/-/path-parse-1.0.6.tgz",
      "integrity": "sha1-1i27VnlAXXLEc37FhgDp3c8G0kw=",
      "dev": true
    },
    "qunit": {
      "version": "2.10.1",
      "resolved": "http://artifactory.eqs.intra/artifactory/api/npm/npm/qunit/-/qunit-2.10.1.tgz",
      "integrity": "sha1-kp28fKuXXdpVN7xrEyE5LQYcGK4=",
      "dev": true,
      "requires": {
        "commander": "2.12.2",
        "js-reporters": "1.2.1",
        "minimatch": "3.0.4",
        "node-watch": "0.6.1",
        "resolve": "1.9.0"
      }
    },
    "resolve": {
      "version": "1.9.0",
      "resolved": "http://artifactory.eqs.intra/artifactory/api/npm/npm/resolve/-/resolve-1.9.0.tgz",
      "integrity": "sha1-oUxv36j5Kn3x2ZbLcQX6dEZY6gY=",
      "dev": true,
      "requires": {
        "path-parse": "^1.0.6"
      }
    }
  }
}
